// !$*UTF8*$!
{
	archiveVersion = 1;
	classes = {
	};
	objectVersion = 46;
	objects = {

/* Begin PBXBuildFile section */
		0455F37A1C0AA3C70062FA12 /* YBNewFeatureViewController.swift in Sources */ = {isa = PBXBuildFile; fileRef = 0455F3791C0AA3C70062FA12 /* YBNewFeatureViewController.swift */; };
		0455F37C1C0AA3EC0062FA12 /* YBNewFeatuireCell.swift in Sources */ = {isa = PBXBuildFile; fileRef = 0455F37B1C0AA3EC0062FA12 /* YBNewFeatuireCell.swift */; };
		0455F3831C0AC1220062FA12 /* YBIsNewVersion.swift in Sources */ = {isa = PBXBuildFile; fileRef = 0455F3821C0AC1220062FA12 /* YBIsNewVersion.swift */; };
		0455F3851C0ACBA80062FA12 /* UIView+Extension.swift in Sources */ = {isa = PBXBuildFile; fileRef = 0455F3841C0ACBA80062FA12 /* UIView+Extension.swift */; };
		0478A8501C08668C00513858 /* YBLoginViewController.swift in Sources */ = {isa = PBXBuildFile; fileRef = 0478A84F1C08668C00513858 /* YBLoginViewController.swift */; };
		0478A8901C086CD500513858 /* YBUserModel.swift in Sources */ = {isa = PBXBuildFile; fileRef = 0478A88F1C086CD500513858 /* YBUserModel.swift */; };
		0478A8921C086CF800513858 /* YBNetworking.swift in Sources */ = {isa = PBXBuildFile; fileRef = 0478A8911C086CF800513858 /* YBNetworking.swift */; };
		04A4AC2A1C060D3A004058CC /* YBBaseTableViewController.swift in Sources */ = {isa = PBXBuildFile; fileRef = 04A4AC291C060D3A004058CC /* YBBaseTableViewController.swift */; };
		04A4AC2C1C060D5E004058CC /* YBBaseNavigationController.swift in Sources */ = {isa = PBXBuildFile; fileRef = 04A4AC2B1C060D5E004058CC /* YBBaseNavigationController.swift */; };
		04A4AC301C060FBE004058CC /* UIColor+Extension.swift in Sources */ = {isa = PBXBuildFile; fileRef = 04A4AC2D1C060FBE004058CC /* UIColor+Extension.swift */; };
		04A4AC311C060FBE004058CC /* UIScreen+Extension.swift in Sources */ = {isa = PBXBuildFile; fileRef = 04A4AC2E1C060FBE004058CC /* UIScreen+Extension.swift */; };
		04A4AC341C06104C004058CC /* YBTabBarController.swift in Sources */ = {isa = PBXBuildFile; fileRef = 04A4AC331C06104C004058CC /* YBTabBarController.swift */; };
		04D2484A1C06A5BE007AF5E0 /* YBHomeController.swift in Sources */ = {isa = PBXBuildFile; fileRef = 04D248491C06A5BE007AF5E0 /* YBHomeController.swift */; };
		04D2484C1C06A5E8007AF5E0 /* YBMessageController.swift in Sources */ = {isa = PBXBuildFile; fileRef = 04D2484B1C06A5E8007AF5E0 /* YBMessageController.swift */; };
		04D2484E1C06A60D007AF5E0 /* YBDiscoverController.swift in Sources */ = {isa = PBXBuildFile; fileRef = 04D2484D1C06A60D007AF5E0 /* YBDiscoverController.swift */; };
		04D248501C06A626007AF5E0 /* YBMeController.swift in Sources */ = {isa = PBXBuildFile; fileRef = 04D2484F1C06A626007AF5E0 /* YBMeController.swift */; };
		04D248C21C06CA86007AF5E0 /* UIButton+Extension.swift in Sources */ = {isa = PBXBuildFile; fileRef = 04D248C11C06CA86007AF5E0 /* UIButton+Extension.swift */; };
		04D248C51C06CC97007AF5E0 /* UIView+AutoLayout.swift in Sources */ = {isa = PBXBuildFile; fileRef = 04D248C41C06CC97007AF5E0 /* UIView+AutoLayout.swift */; };
		04D248E21C07116A007AF5E0 /* YBVisitView.swift in Sources */ = {isa = PBXBuildFile; fileRef = 04D248E11C07116A007AF5E0 /* YBVisitView.swift */; };
		04D8DA181C0A06CB0066452E /* YBWelcomeViewController.swift in Sources */ = {isa = PBXBuildFile; fileRef = 04D8DA171C0A06CB0066452E /* YBWelcomeViewController.swift */; };
		04DF42F41C08AD3F008748B1 /* YBDefaultData.swift in Sources */ = {isa = PBXBuildFile; fileRef = 04DF42F31C08AD3F008748B1 /* YBDefaultData.swift */; };
		04F378571C05FB9000718FB4 /* AppDelegate.swift in Sources */ = {isa = PBXBuildFile; fileRef = 04F378561C05FB9000718FB4 /* AppDelegate.swift */; };
		04F3785E1C05FB9100718FB4 /* Assets.xcassets in Resources */ = {isa = PBXBuildFile; fileRef = 04F3785D1C05FB9100718FB4 /* Assets.xcassets */; };
		04F3786C1C05FB9100718FB4 /* weiBoSwiftTests.swift in Sources */ = {isa = PBXBuildFile; fileRef = 04F3786B1C05FB9100718FB4 /* weiBoSwiftTests.swift */; };
		04F378771C05FB9100718FB4 /* weiBoSwiftUITests.swift in Sources */ = {isa = PBXBuildFile; fileRef = 04F378761C05FB9100718FB4 /* weiBoSwiftUITests.swift */; };
		C3A7BA443C451FC88701D61B /* Pods.framework in Frameworks */ = {isa = PBXBuildFile; fileRef = 88CB5D5E1DBF47FF28DC0CF4 /* Pods.framework */; };
/* End PBXBuildFile section */

/* Begin PBXContainerItemProxy section */
		04F378681C05FB9100718FB4 /* PBXContainerItemProxy */ = {
			isa = PBXContainerItemProxy;
			containerPortal = 04F3784B1C05FB9000718FB4 /* Project object */;
			proxyType = 1;
			remoteGlobalIDString = 04F378521C05FB9000718FB4;
			remoteInfo = weiBoSwift;
		};
		04F378731C05FB9100718FB4 /* PBXContainerItemProxy */ = {
			isa = PBXContainerItemProxy;
			containerPortal = 04F3784B1C05FB9000718FB4 /* Project object */;
			proxyType = 1;
			remoteGlobalIDString = 04F378521C05FB9000718FB4;
			remoteInfo = weiBoSwift;
		};
/* End PBXContainerItemProxy section */

/* Begin PBXFileReference section */
		0455F3791C0AA3C70062FA12 /* YBNewFeatureViewController.swift */ = {isa = PBXFileReference; fileEncoding = 4; lastKnownFileType = sourcecode.swift; path = YBNewFeatureViewController.swift; sourceTree = "<group>"; };
		0455F37B1C0AA3EC0062FA12 /* YBNewFeatuireCell.swift */ = {isa = PBXFileReference; fileEncoding = 4; lastKnownFileType = sourcecode.swift; path = YBNewFeatuireCell.swift; sourceTree = "<group>"; };
		0455F3821C0AC1220062FA12 /* YBIsNewVersion.swift */ = {isa = PBXFileReference; fileEncoding = 4; lastKnownFileType = sourcecode.swift; path = YBIsNewVersion.swift; sourceTree = "<group>"; };
		0455F3841C0ACBA80062FA12 /* UIView+Extension.swift */ = {isa = PBXFileReference; fileEncoding = 4; lastKnownFileType = sourcecode.swift; path = "UIView+Extension.swift"; sourceTree = "<group>"; };
		0478A84F1C08668C00513858 /* YBLoginViewController.swift */ = {isa = PBXFileReference; fileEncoding = 4; lastKnownFileType = sourcecode.swift; path = YBLoginViewController.swift; sourceTree = "<group>"; };
		0478A88F1C086CD500513858 /* YBUserModel.swift */ = {isa = PBXFileReference; fileEncoding = 4; lastKnownFileType = sourcecode.swift; path = YBUserModel.swift; sourceTree = "<group>"; };
		0478A8911C086CF800513858 /* YBNetworking.swift */ = {isa = PBXFileReference; fileEncoding = 4; lastKnownFileType = sourcecode.swift; path = YBNetworking.swift; sourceTree = "<group>"; };
		04A4AC291C060D3A004058CC /* YBBaseTableViewController.swift */ = {isa = PBXFileReference; fileEncoding = 4; lastKnownFileType = sourcecode.swift; path = YBBaseTableViewController.swift; sourceTree = "<group>"; };
		04A4AC2B1C060D5E004058CC /* YBBaseNavigationController.swift */ = {isa = PBXFileReference; fileEncoding = 4; lastKnownFileType = sourcecode.swift; path = YBBaseNavigationController.swift; sourceTree = "<group>"; };
		04A4AC2D1C060FBE004058CC /* UIColor+Extension.swift */ = {isa = PBXFileReference; fileEncoding = 4; lastKnownFileType = sourcecode.swift; path = "UIColor+Extension.swift"; sourceTree = "<group>"; };
		04A4AC2E1C060FBE004058CC /* UIScreen+Extension.swift */ = {isa = PBXFileReference; fileEncoding = 4; lastKnownFileType = sourcecode.swift; path = "UIScreen+Extension.swift"; sourceTree = "<group>"; };
		04A4AC331C06104C004058CC /* YBTabBarController.swift */ = {isa = PBXFileReference; fileEncoding = 4; lastKnownFileType = sourcecode.swift; path = YBTabBarController.swift; sourceTree = "<group>"; };
		04D248491C06A5BE007AF5E0 /* YBHomeController.swift */ = {isa = PBXFileReference; fileEncoding = 4; lastKnownFileType = sourcecode.swift; path = YBHomeController.swift; sourceTree = "<group>"; };
		04D2484B1C06A5E8007AF5E0 /* YBMessageController.swift */ = {isa = PBXFileReference; fileEncoding = 4; lastKnownFileType = sourcecode.swift; path = YBMessageController.swift; sourceTree = "<group>"; };
		04D2484D1C06A60D007AF5E0 /* YBDiscoverController.swift */ = {isa = PBXFileReference; fileEncoding = 4; lastKnownFileType = sourcecode.swift; path = YBDiscoverController.swift; sourceTree = "<group>"; };
		04D2484F1C06A626007AF5E0 /* YBMeController.swift */ = {isa = PBXFileReference; fileEncoding = 4; lastKnownFileType = sourcecode.swift; path = YBMeController.swift; sourceTree = "<group>"; };
		04D248C11C06CA86007AF5E0 /* UIButton+Extension.swift */ = {isa = PBXFileReference; fileEncoding = 4; lastKnownFileType = sourcecode.swift; path = "UIButton+Extension.swift"; sourceTree = "<group>"; };
		04D248C41C06CC97007AF5E0 /* UIView+AutoLayout.swift */ = {isa = PBXFileReference; fileEncoding = 4; lastKnownFileType = sourcecode.swift; path = "UIView+AutoLayout.swift"; sourceTree = "<group>"; };
		04D248E11C07116A007AF5E0 /* YBVisitView.swift */ = {isa = PBXFileReference; fileEncoding = 4; lastKnownFileType = sourcecode.swift; path = YBVisitView.swift; sourceTree = "<group>"; };
		04D8DA171C0A06CB0066452E /* YBWelcomeViewController.swift */ = {isa = PBXFileReference; fileEncoding = 4; lastKnownFileType = sourcecode.swift; path = YBWelcomeViewController.swift; sourceTree = "<group>"; };
		04DF42F31C08AD3F008748B1 /* YBDefaultData.swift */ = {isa = PBXFileReference; fileEncoding = 4; lastKnownFileType = sourcecode.swift; path = YBDefaultData.swift; sourceTree = "<group>"; };
		04F378531C05FB9000718FB4 /* weiBoSwift.app */ = {isa = PBXFileReference; explicitFileType = wrapper.application; includeInIndex = 0; path = weiBoSwift.app; sourceTree = BUILT_PRODUCTS_DIR; };
		04F378561C05FB9000718FB4 /* AppDelegate.swift */ = {isa = PBXFileReference; lastKnownFileType = sourcecode.swift; name = AppDelegate.swift; path = ../AppDelegate.swift; sourceTree = "<group>"; };
		04F3785D1C05FB9100718FB4 /* Assets.xcassets */ = {isa = PBXFileReference; lastKnownFileType = folder.assetcatalog; name = Assets.xcassets; path = ../Assets.xcassets; sourceTree = "<group>"; };
		04F378621C05FB9100718FB4 /* Info.plist */ = {isa = PBXFileReference; lastKnownFileType = text.plist.xml; name = Info.plist; path = ../Info.plist; sourceTree = "<group>"; };
		04F378671C05FB9100718FB4 /* weiBoSwiftTests.xctest */ = {isa = PBXFileReference; explicitFileType = wrapper.cfbundle; includeInIndex = 0; path = weiBoSwiftTests.xctest; sourceTree = BUILT_PRODUCTS_DIR; };
		04F3786B1C05FB9100718FB4 /* weiBoSwiftTests.swift */ = {isa = PBXFileReference; lastKnownFileType = sourcecode.swift; path = weiBoSwiftTests.swift; sourceTree = "<group>"; };
		04F3786D1C05FB9100718FB4 /* Info.plist */ = {isa = PBXFileReference; lastKnownFileType = text.plist.xml; path = Info.plist; sourceTree = "<group>"; };
		04F378721C05FB9100718FB4 /* weiBoSwiftUITests.xctest */ = {isa = PBXFileReference; explicitFileType = wrapper.cfbundle; includeInIndex = 0; path = weiBoSwiftUITests.xctest; sourceTree = BUILT_PRODUCTS_DIR; };
		04F378761C05FB9100718FB4 /* weiBoSwiftUITests.swift */ = {isa = PBXFileReference; lastKnownFileType = sourcecode.swift; path = weiBoSwiftUITests.swift; sourceTree = "<group>"; };
		04F378781C05FB9100718FB4 /* Info.plist */ = {isa = PBXFileReference; lastKnownFileType = text.plist.xml; path = Info.plist; sourceTree = "<group>"; };
		684B2487C2E5C9D60E3D9C56 /* Pods.release.xcconfig */ = {isa = PBXFileReference; includeInIndex = 1; lastKnownFileType = text.xcconfig; name = Pods.release.xcconfig; path = "Pods/Target Support Files/Pods/Pods.release.xcconfig"; sourceTree = "<group>"; };
		88CB5D5E1DBF47FF28DC0CF4 /* Pods.framework */ = {isa = PBXFileReference; explicitFileType = wrapper.framework; includeInIndex = 0; path = Pods.framework; sourceTree = BUILT_PRODUCTS_DIR; };
		B5AFBEBB9F33DB84BCE1A06A /* Pods.debug.xcconfig */ = {isa = PBXFileReference; includeInIndex = 1; lastKnownFileType = text.xcconfig; name = Pods.debug.xcconfig; path = "Pods/Target Support Files/Pods/Pods.debug.xcconfig"; sourceTree = "<group>"; };
/* End PBXFileReference section */

/* Begin PBXFrameworksBuildPhase section */
		04F378501C05FB9000718FB4 /* Frameworks */ = {
			isa = PBXFrameworksBuildPhase;
			buildActionMask = 2147483647;
			files = (
				C3A7BA443C451FC88701D61B /* Pods.framework in Frameworks */,
			);
			runOnlyForDeploymentPostprocessing = 0;
		};
		04F378641C05FB9100718FB4 /* Frameworks */ = {
			isa = PBXFrameworksBuildPhase;
			buildActionMask = 2147483647;
			files = (
			);
			runOnlyForDeploymentPostprocessing = 0;
		};
		04F3786F1C05FB9100718FB4 /* Frameworks */ = {
			isa = PBXFrameworksBuildPhase;
			buildActionMask = 2147483647;
			files = (
			);
			runOnlyForDeploymentPostprocessing = 0;
		};
/* End PBXFrameworksBuildPhase section */

/* Begin PBXGroup section */
		0455F3811C0AC1090062FA12 /* 新版本 */ = {
			isa = PBXGroup;
			children = (
				0455F3821C0AC1220062FA12 /* YBIsNewVersion.swift */,
			);
			name = "新版本";
			sourceTree = "<group>";
		};
		0478A84E1C08666E00513858 /* 登录 */ = {
			isa = PBXGroup;
			children = (
				0478A84F1C08668C00513858 /* YBLoginViewController.swift */,
			);
			name = "登录";
			sourceTree = "<group>";
		};
		0478A88E1C086CCB00513858 /* Tool */ = {
			isa = PBXGroup;
			children = (
				0478A88F1C086CD500513858 /* YBUserModel.swift */,
				0478A8911C086CF800513858 /* YBNetworking.swift */,
			);
			path = Tool;
			sourceTree = "<group>";
		};
		04A4AC081C060C3D004058CC /* Classes */ = {
			isa = PBXGroup;
			children = (
				04D8DA161C0A06B10066452E /* 开始界面 */,
				04A4AC241C060CD5004058CC /* Main */,
				04A4AC091C060C3D004058CC /* Discover */,
				04A4AC0D1C060C3D004058CC /* Home */,
				04A4AC111C060C3D004058CC /* Me */,
				04A4AC151C060C3D004058CC /* Message */,
				04A4AC191C060C3D004058CC /* NewCharacter */,
				04A4AC1D1C060C3D004058CC /* Send */,
			);
			path = Classes;
			sourceTree = "<group>";
		};
		04A4AC091C060C3D004058CC /* Discover */ = {
			isa = PBXGroup;
			children = (
				04A4AC0A1C060C3D004058CC /* Controller */,
				04A4AC0B1C060C3D004058CC /* Model */,
				04A4AC0C1C060C3D004058CC /* View */,
			);
			path = Discover;
			sourceTree = "<group>";
		};
		04A4AC0A1C060C3D004058CC /* Controller */ = {
			isa = PBXGroup;
			children = (
				04D2484D1C06A60D007AF5E0 /* YBDiscoverController.swift */,
			);
			path = Controller;
			sourceTree = "<group>";
		};
		04A4AC0B1C060C3D004058CC /* Model */ = {
			isa = PBXGroup;
			children = (
			);
			path = Model;
			sourceTree = "<group>";
		};
		04A4AC0C1C060C3D004058CC /* View */ = {
			isa = PBXGroup;
			children = (
			);
			path = View;
			sourceTree = "<group>";
		};
		04A4AC0D1C060C3D004058CC /* Home */ = {
			isa = PBXGroup;
			children = (
				04A4AC0E1C060C3D004058CC /* Controller */,
				04A4AC0F1C060C3D004058CC /* Model */,
				04A4AC101C060C3D004058CC /* View */,
			);
			path = Home;
			sourceTree = "<group>";
		};
		04A4AC0E1C060C3D004058CC /* Controller */ = {
			isa = PBXGroup;
			children = (
				04D248491C06A5BE007AF5E0 /* YBHomeController.swift */,
			);
			path = Controller;
			sourceTree = "<group>";
		};
		04A4AC0F1C060C3D004058CC /* Model */ = {
			isa = PBXGroup;
			children = (
			);
			path = Model;
			sourceTree = "<group>";
		};
		04A4AC101C060C3D004058CC /* View */ = {
			isa = PBXGroup;
			children = (
			);
			path = View;
			sourceTree = "<group>";
		};
		04A4AC111C060C3D004058CC /* Me */ = {
			isa = PBXGroup;
			children = (
				04A4AC121C060C3D004058CC /* Controller */,
				04A4AC131C060C3D004058CC /* Model */,
				04A4AC141C060C3D004058CC /* View */,
			);
			path = Me;
			sourceTree = "<group>";
		};
		04A4AC121C060C3D004058CC /* Controller */ = {
			isa = PBXGroup;
			children = (
				04D2484F1C06A626007AF5E0 /* YBMeController.swift */,
			);
			path = Controller;
			sourceTree = "<group>";
		};
		04A4AC131C060C3D004058CC /* Model */ = {
			isa = PBXGroup;
			children = (
			);
			path = Model;
			sourceTree = "<group>";
		};
		04A4AC141C060C3D004058CC /* View */ = {
			isa = PBXGroup;
			children = (
			);
			path = View;
			sourceTree = "<group>";
		};
		04A4AC151C060C3D004058CC /* Message */ = {
			isa = PBXGroup;
			children = (
				04A4AC161C060C3D004058CC /* Controller */,
				04A4AC171C060C3D004058CC /* Model */,
				04A4AC181C060C3D004058CC /* View */,
			);
			path = Message;
			sourceTree = "<group>";
		};
		04A4AC161C060C3D004058CC /* Controller */ = {
			isa = PBXGroup;
			children = (
				04D2484B1C06A5E8007AF5E0 /* YBMessageController.swift */,
			);
			path = Controller;
			sourceTree = "<group>";
		};
		04A4AC171C060C3D004058CC /* Model */ = {
			isa = PBXGroup;
			children = (
			);
			path = Model;
			sourceTree = "<group>";
		};
		04A4AC181C060C3D004058CC /* View */ = {
			isa = PBXGroup;
			children = (
			);
			path = View;
			sourceTree = "<group>";
		};
		04A4AC191C060C3D004058CC /* NewCharacter */ = {
			isa = PBXGroup;
			children = (
				04A4AC1A1C060C3D004058CC /* Controller */,
				04A4AC1B1C060C3D004058CC /* Model */,
				04A4AC1C1C060C3D004058CC /* View */,
			);
			path = NewCharacter;
			sourceTree = "<group>";
		};
		04A4AC1A1C060C3D004058CC /* Controller */ = {
			isa = PBXGroup;
			children = (
			);
			path = Controller;
			sourceTree = "<group>";
		};
		04A4AC1B1C060C3D004058CC /* Model */ = {
			isa = PBXGroup;
			children = (
			);
			path = Model;
			sourceTree = "<group>";
		};
		04A4AC1C1C060C3D004058CC /* View */ = {
			isa = PBXGroup;
			children = (
			);
			path = View;
			sourceTree = "<group>";
		};
		04A4AC1D1C060C3D004058CC /* Send */ = {
			isa = PBXGroup;
			children = (
				04A4AC1E1C060C3D004058CC /* Controller */,
				04A4AC1F1C060C3D004058CC /* Model */,
				04A4AC201C060C3D004058CC /* View */,
			);
			path = Send;
			sourceTree = "<group>";
		};
		04A4AC1E1C060C3D004058CC /* Controller */ = {
			isa = PBXGroup;
			children = (
			);
			path = Controller;
			sourceTree = "<group>";
		};
		04A4AC1F1C060C3D004058CC /* Model */ = {
			isa = PBXGroup;
			children = (
			);
			path = Model;
			sourceTree = "<group>";
		};
		04A4AC201C060C3D004058CC /* View */ = {
			isa = PBXGroup;
			children = (
			);
			path = View;
			sourceTree = "<group>";
		};
		04A4AC211C060C3D004058CC /* Extension */ = {
			isa = PBXGroup;
			children = (
				04A4AC2D1C060FBE004058CC /* UIColor+Extension.swift */,
				04A4AC2E1C060FBE004058CC /* UIScreen+Extension.swift */,
				0455F3841C0ACBA80062FA12 /* UIView+Extension.swift */,
				04D248C11C06CA86007AF5E0 /* UIButton+Extension.swift */,
			);
			path = Extension;
			sourceTree = "<group>";
		};
		04A4AC221C060C3D004058CC /* Lib */ = {
			isa = PBXGroup;
			children = (
				04DF42F21C08AD22008748B1 /* 偏好设置 */,
				04D248C31C06CC97007AF5E0 /* 约束 */,
			);
			path = Lib;
			sourceTree = "<group>";
		};
		04A4AC231C060C3D004058CC /* Other */ = {
			isa = PBXGroup;
			children = (
				0455F3811C0AC1090062FA12 /* 新版本 */,
				04F378561C05FB9000718FB4 /* AppDelegate.swift */,
				04F3785D1C05FB9100718FB4 /* Assets.xcassets */,
				04F378621C05FB9100718FB4 /* Info.plist */,
			);
			path = Other;
			sourceTree = "<group>";
		};
		04A4AC241C060CD5004058CC /* Main */ = {
			isa = PBXGroup;
			children = (
				04A4AC251C060CD5004058CC /* Controller */,
				04A4AC261C060CD5004058CC /* Model */,
				04A4AC271C060CD5004058CC /* View */,
			);
			path = Main;
			sourceTree = "<group>";
		};
		04A4AC251C060CD5004058CC /* Controller */ = {
			isa = PBXGroup;
			children = (
				0478A84E1C08666E00513858 /* 登录 */,
				04A4AC281C060CE8004058CC /* Base */,
				04A4AC331C06104C004058CC /* YBTabBarController.swift */,
			);
			path = Controller;
			sourceTree = "<group>";
		};
		04A4AC261C060CD5004058CC /* Model */ = {
			isa = PBXGroup;
			children = (
			);
			path = Model;
			sourceTree = "<group>";
		};
		04A4AC271C060CD5004058CC /* View */ = {
			isa = PBXGroup;
			children = (
				04D248E11C07116A007AF5E0 /* YBVisitView.swift */,
			);
			path = View;
			sourceTree = "<group>";
		};
		04A4AC281C060CE8004058CC /* Base */ = {
			isa = PBXGroup;
			children = (
				04A4AC291C060D3A004058CC /* YBBaseTableViewController.swift */,
				04A4AC2B1C060D5E004058CC /* YBBaseNavigationController.swift */,
			);
			path = Base;
			sourceTree = "<group>";
		};
		04D248C31C06CC97007AF5E0 /* 约束 */ = {
			isa = PBXGroup;
			children = (
				04D248C41C06CC97007AF5E0 /* UIView+AutoLayout.swift */,
			);
			name = "约束";
			path = Swift;
			sourceTree = "<group>";
		};
		04D8DA161C0A06B10066452E /* 开始界面 */ = {
			isa = PBXGroup;
			children = (
				04D8DA171C0A06CB0066452E /* YBWelcomeViewController.swift */,
				0455F3791C0AA3C70062FA12 /* YBNewFeatureViewController.swift */,
				0455F37B1C0AA3EC0062FA12 /* YBNewFeatuireCell.swift */,
			);
			path = "开始界面";
			sourceTree = "<group>";
		};
		04DF42F21C08AD22008748B1 /* 偏好设置 */ = {
			isa = PBXGroup;
			children = (
				04DF42F31C08AD3F008748B1 /* YBDefaultData.swift */,
			);
			name = "偏好设置";
			sourceTree = "<group>";
		};
		04F3784A1C05FB9000718FB4 = {
			isa = PBXGroup;
			children = (
				04F378551C05FB9000718FB4 /* weiBoSwift */,
				04F3786A1C05FB9100718FB4 /* weiBoSwiftTests */,
				04F378751C05FB9100718FB4 /* weiBoSwiftUITests */,
				04F378541C05FB9000718FB4 /* Products */,
				5F8DB8B5FA709996FABA91E0 /* Pods */,
				A0118B9189204587A64312E4 /* Frameworks */,
			);
			sourceTree = "<group>";
		};
		04F378541C05FB9000718FB4 /* Products */ = {
			isa = PBXGroup;
			children = (
				04F378531C05FB9000718FB4 /* weiBoSwift.app */,
				04F378671C05FB9100718FB4 /* weiBoSwiftTests.xctest */,
				04F378721C05FB9100718FB4 /* weiBoSwiftUITests.xctest */,
			);
			name = Products;
			sourceTree = "<group>";
		};
		04F378551C05FB9000718FB4 /* weiBoSwift */ = {
			isa = PBXGroup;
			children = (
				0478A88E1C086CCB00513858 /* Tool */,
				04A4AC081C060C3D004058CC /* Classes */,
				04A4AC211C060C3D004058CC /* Extension */,
				04A4AC221C060C3D004058CC /* Lib */,
				04A4AC231C060C3D004058CC /* Other */,
			);
			path = weiBoSwift;
			sourceTree = "<group>";
		};
		04F3786A1C05FB9100718FB4 /* weiBoSwiftTests */ = {
			isa = PBXGroup;
			children = (
				04F3786B1C05FB9100718FB4 /* weiBoSwiftTests.swift */,
				04F3786D1C05FB9100718FB4 /* Info.plist */,
			);
			path = weiBoSwiftTests;
			sourceTree = "<group>";
		};
		04F378751C05FB9100718FB4 /* weiBoSwiftUITests */ = {
			isa = PBXGroup;
			children = (
				04F378761C05FB9100718FB4 /* weiBoSwiftUITests.swift */,
				04F378781C05FB9100718FB4 /* Info.plist */,
			);
			path = weiBoSwiftUITests;
			sourceTree = "<group>";
		};
		5F8DB8B5FA709996FABA91E0 /* Pods */ = {
			isa = PBXGroup;
			children = (
				B5AFBEBB9F33DB84BCE1A06A /* Pods.debug.xcconfig */,
				684B2487C2E5C9D60E3D9C56 /* Pods.release.xcconfig */,
			);
			name = Pods;
			sourceTree = "<group>";
		};
		A0118B9189204587A64312E4 /* Frameworks */ = {
			isa = PBXGroup;
			children = (
				88CB5D5E1DBF47FF28DC0CF4 /* Pods.framework */,
			);
			name = Frameworks;
			sourceTree = "<group>";
		};
/* End PBXGroup section */

/* Begin PBXNativeTarget section */
		04F378521C05FB9000718FB4 /* weiBoSwift */ = {
			isa = PBXNativeTarget;
			buildConfigurationList = 04F3787B1C05FB9100718FB4 /* Build configuration list for PBXNativeTarget "weiBoSwift" */;
			buildPhases = (
				B7AC4D890A27F22F05E000E0 /* Check Pods Manifest.lock */,
				04F3784F1C05FB9000718FB4 /* Sources */,
				04F378501C05FB9000718FB4 /* Frameworks */,
				04F378511C05FB9000718FB4 /* Resources */,
				9EA5847CB3A079D7355D4168 /* Embed Pods Frameworks */,
				9437E57CE709DEDED3A93710 /* Copy Pods Resources */,
			);
			buildRules = (
			);
			dependencies = (
			);
			name = weiBoSwift;
			productName = weiBoSwift;
			productReference = 04F378531C05FB9000718FB4 /* weiBoSwift.app */;
			productType = "com.apple.product-type.application";
		};
		04F378661C05FB9100718FB4 /* weiBoSwiftTests */ = {
			isa = PBXNativeTarget;
			buildConfigurationList = 04F3787E1C05FB9100718FB4 /* Build configuration list for PBXNativeTarget "weiBoSwiftTests" */;
			buildPhases = (
				04F378631C05FB9100718FB4 /* Sources */,
				04F378641C05FB9100718FB4 /* Frameworks */,
				04F378651C05FB9100718FB4 /* Resources */,
			);
			buildRules = (
			);
			dependencies = (
				04F378691C05FB9100718FB4 /* PBXTargetDependency */,
			);
			name = weiBoSwiftTests;
			productName = weiBoSwiftTests;
			productReference = 04F378671C05FB9100718FB4 /* weiBoSwiftTests.xctest */;
			productType = "com.apple.product-type.bundle.unit-test";
		};
		04F378711C05FB9100718FB4 /* weiBoSwiftUITests */ = {
			isa = PBXNativeTarget;
			buildConfigurationList = 04F378811C05FB9100718FB4 /* Build configuration list for PBXNativeTarget "weiBoSwiftUITests" */;
			buildPhases = (
				04F3786E1C05FB9100718FB4 /* Sources */,
				04F3786F1C05FB9100718FB4 /* Frameworks */,
				04F378701C05FB9100718FB4 /* Resources */,
			);
			buildRules = (
			);
			dependencies = (
				04F378741C05FB9100718FB4 /* PBXTargetDependency */,
			);
			name = weiBoSwiftUITests;
			productName = weiBoSwiftUITests;
			productReference = 04F378721C05FB9100718FB4 /* weiBoSwiftUITests.xctest */;
			productType = "com.apple.product-type.bundle.ui-testing";
		};
/* End PBXNativeTarget section */

/* Begin PBXProject section */
		04F3784B1C05FB9000718FB4 /* Project object */ = {
			isa = PBXProject;
			attributes = {
				CLASSPREFIX = YB;
				LastSwiftUpdateCheck = 0710;
				LastUpgradeCheck = 0710;
				ORGANIZATIONNAME = MAC;
				TargetAttributes = {
					04F378521C05FB9000718FB4 = {
						CreatedOnToolsVersion = 7.1;
						DevelopmentTeam = UN7PX9J6L8;
					};
					04F378661C05FB9100718FB4 = {
						CreatedOnToolsVersion = 7.1;
						DevelopmentTeam = UN7PX9J6L8;
						TestTargetID = 04F378521C05FB9000718FB4;
					};
					04F378711C05FB9100718FB4 = {
						CreatedOnToolsVersion = 7.1;
						DevelopmentTeam = UN7PX9J6L8;
						TestTargetID = 04F378521C05FB9000718FB4;
					};
				};
			};
			buildConfigurationList = 04F3784E1C05FB9000718FB4 /* Build configuration list for PBXProject "weiBoSwift" */;
			compatibilityVersion = "Xcode 3.2";
			developmentRegion = English;
			hasScannedForEncodings = 0;
			knownRegions = (
				en,
				Base,
			);
			mainGroup = 04F3784A1C05FB9000718FB4;
			productRefGroup = 04F378541C05FB9000718FB4 /* Products */;
			projectDirPath = "";
			projectRoot = "";
			targets = (
				04F378521C05FB9000718FB4 /* weiBoSwift */,
				04F378661C05FB9100718FB4 /* weiBoSwiftTests */,
				04F378711C05FB9100718FB4 /* weiBoSwiftUITests */,
			);
		};
/* End PBXProject section */

/* Begin PBXResourcesBuildPhase section */
		04F378511C05FB9000718FB4 /* Resources */ = {
			isa = PBXResourcesBuildPhase;
			buildActionMask = 2147483647;
			files = (
				04F3785E1C05FB9100718FB4 /* Assets.xcassets in Resources */,
			);
			runOnlyForDeploymentPostprocessing = 0;
		};
		04F378651C05FB9100718FB4 /* Resources */ = {
			isa = PBXResourcesBuildPhase;
			buildActionMask = 2147483647;
			files = (
			);
			runOnlyForDeploymentPostprocessing = 0;
		};
		04F378701C05FB9100718FB4 /* Resources */ = {
			isa = PBXResourcesBuildPhase;
			buildActionMask = 2147483647;
			files = (
			);
			runOnlyForDeploymentPostprocessing = 0;
		};
/* End PBXResourcesBuildPhase section */

/* Begin PBXShellScriptBuildPhase section */
		9437E57CE709DEDED3A93710 /* Copy Pods Resources */ = {
			isa = PBXShellScriptBuildPhase;
			buildActionMask = 2147483647;
			files = (
			);
			inputPaths = (
			);
			name = "Copy Pods Resources";
			outputPaths = (
			);
			runOnlyForDeploymentPostprocessing = 0;
			shellPath = /bin/sh;
			shellScript = "\"${SRCROOT}/Pods/Target Support Files/Pods/Pods-resources.sh\"\n";
			showEnvVarsInLog = 0;
		};
		9EA5847CB3A079D7355D4168 /* Embed Pods Frameworks */ = {
			isa = PBXShellScriptBuildPhase;
			buildActionMask = 2147483647;
			files = (
			);
			inputPaths = (
			);
			name = "Embed Pods Frameworks";
			outputPaths = (
			);
			runOnlyForDeploymentPostprocessing = 0;
			shellPath = /bin/sh;
			shellScript = "\"${SRCROOT}/Pods/Target Support Files/Pods/Pods-frameworks.sh\"\n";
			showEnvVarsInLog = 0;
		};
		B7AC4D890A27F22F05E000E0 /* Check Pods Manifest.lock */ = {
			isa = PBXShellScriptBuildPhase;
			buildActionMask = 2147483647;
			files = (
			);
			inputPaths = (
			);
			name = "Check Pods Manifest.lock";
			outputPaths = (
			);
			runOnlyForDeploymentPostprocessing = 0;
			shellPath = /bin/sh;
			shellScript = "diff \"${PODS_ROOT}/../Podfile.lock\" \"${PODS_ROOT}/Manifest.lock\" > /dev/null\nif [[ $? != 0 ]] ; then\n    cat << EOM\nerror: The sandbox is not in sync with the Podfile.lock. Run 'pod install' or update your CocoaPods installation.\nEOM\n    exit 1\nfi\n";
			showEnvVarsInLog = 0;
		};
/* End PBXShellScriptBuildPhase section */

/* Begin PBXSourcesBuildPhase section */
		04F3784F1C05FB9000718FB4 /* Sources */ = {
			isa = PBXSourcesBuildPhase;
			buildActionMask = 2147483647;
			files = (
				0455F3851C0ACBA80062FA12 /* UIView+Extension.swift in Sources */,
				04D2484E1C06A60D007AF5E0 /* YBDiscoverController.swift in Sources */,
				0455F37C1C0AA3EC0062FA12 /* YBNewFeatuireCell.swift in Sources */,
				04D8DA181C0A06CB0066452E /* YBWelcomeViewController.swift in Sources */,
				04D2484A1C06A5BE007AF5E0 /* YBHomeController.swift in Sources */,
				04D248E21C07116A007AF5E0 /* YBVisitView.swift in Sources */,
				04A4AC2C1C060D5E004058CC /* YBBaseNavigationController.swift in Sources */,
				0478A8501C08668C00513858 /* YBLoginViewController.swift in Sources */,
				04A4AC311C060FBE004058CC /* UIScreen+Extension.swift in Sources */,
				0478A8901C086CD500513858 /* YBUserModel.swift in Sources */,
				04F378571C05FB9000718FB4 /* AppDelegate.swift in Sources */,
				04A4AC2A1C060D3A004058CC /* YBBaseTableViewController.swift in Sources */,
				04D248501C06A626007AF5E0 /* YBMeController.swift in Sources */,
				0478A8921C086CF800513858 /* YBNetworking.swift in Sources */,
				0455F3831C0AC1220062FA12 /* YBIsNewVersion.swift in Sources */,
				04D248C51C06CC97007AF5E0 /* UIView+AutoLayout.swift in Sources */,
				0455F37A1C0AA3C70062FA12 /* YBNewFeatureViewController.swift in Sources */,
				04A4AC301C060FBE004058CC /* UIColor+Extension.swift in Sources */,
				04DF42F41C08AD3F008748B1 /* YBDefaultData.swift in Sources */,
				04A4AC341C06104C004058CC /* YBTabBarController.swift in Sources */,
				04D2484C1C06A5E8007AF5E0 /* YBMessageController.swift in Sources */,
				04D248C21C06CA86007AF5E0 /* UIButton+Extension.swift in Sources */,
			);
			runOnlyForDeploymentPostprocessing = 0;
		};
		04F378631C05FB9100718FB4 /* Sources */ = {
			isa = PBXSourcesBuildPhase;
			buildActionMask = 2147483647;
			files = (
				04F3786C1C05FB9100718FB4 /* weiBoSwiftTests.swift in Sources */,
			);
			runOnlyForDeploymentPostprocessing = 0;
		};
		04F3786E1C05FB9100718FB4 /* Sources */ = {
			isa = PBXSourcesBuildPhase;
			buildActionMask = 2147483647;
			files = (
				04F378771C05FB9100718FB4 /* weiBoSwiftUITests.swift in Sources */,
			);
			runOnlyForDeploymentPostprocessing = 0;
		};
/* End PBXSourcesBuildPhase section */

/* Begin PBXTargetDependency section */
		04F378691C05FB9100718FB4 /* PBXTargetDependency */ = {
			isa = PBXTargetDependency;
			target = 04F378521C05FB9000718FB4 /* weiBoSwift */;
			targetProxy = 04F378681C05FB9100718FB4 /* PBXContainerItemProxy */;
		};
		04F378741C05FB9100718FB4 /* PBXTargetDependency */ = {
			isa = PBXTargetDependency;
			target = 04F378521C05FB9000718FB4 /* weiBoSwift */;
			targetProxy = 04F378731C05FB9100718FB4 /* PBXContainerItemProxy */;
		};
/* End PBXTargetDependency section */

/* Begin XCBuildConfiguration section */
		04F378791C05FB9100718FB4 /* Debug */ = {
			isa = XCBuildConfiguration;
			buildSettings = {
				ALWAYS_SEARCH_USER_PATHS = NO;
				CLANG_CXX_LANGUAGE_STANDARD = "gnu++0x";
				CLANG_CXX_LIBRARY = "libc++";
				CLANG_ENABLE_MODULES = YES;
				CLANG_ENABLE_OBJC_ARC = YES;
				CLANG_WARN_BOOL_CONVERSION = YES;
				CLANG_WARN_CONSTANT_CONVERSION = YES;
				CLANG_WARN_DIRECT_OBJC_ISA_USAGE = YES_ERROR;
				CLANG_WARN_EMPTY_BODY = YES;
				CLANG_WARN_ENUM_CONVERSION = YES;
				CLANG_WARN_INT_CONVERSION = YES;
				CLANG_WARN_OBJC_ROOT_CLASS = YES_ERROR;
				CLANG_WARN_UNREACHABLE_CODE = YES;
				CLANG_WARN__DUPLICATE_METHOD_MATCH = YES;
				"CODE_SIGN_IDENTITY[sdk=iphoneos*]" = "iPhone Developer";
				COPY_PHASE_STRIP = NO;
				DEBUG_INFORMATION_FORMAT = dwarf;
				ENABLE_STRICT_OBJC_MSGSEND = YES;
				ENABLE_TESTABILITY = YES;
				GCC_C_LANGUAGE_STANDARD = gnu99;
				GCC_DYNAMIC_NO_PIC = NO;
				GCC_NO_COMMON_BLOCKS = YES;
				GCC_OPTIMIZATION_LEVEL = 0;
				GCC_PREPROCESSOR_DEFINITIONS = (
					"DEBUG=1",
					"$(inherited)",
				);
				GCC_WARN_64_TO_32_BIT_CONVERSION = YES;
				GCC_WARN_ABOUT_RETURN_TYPE = YES_ERROR;
				GCC_WARN_UNDECLARED_SELECTOR = YES;
				GCC_WARN_UNINITIALIZED_AUTOS = YES_AGGRESSIVE;
				GCC_WARN_UNUSED_FUNCTION = YES;
				GCC_WARN_UNUSED_VARIABLE = YES;
				IPHONEOS_DEPLOYMENT_TARGET = 9.1;
				MTL_ENABLE_DEBUG_INFO = YES;
				ONLY_ACTIVE_ARCH = YES;
				SDKROOT = iphoneos;
				SWIFT_OPTIMIZATION_LEVEL = "-Onone";
			};
			name = Debug;
		};
		04F3787A1C05FB9100718FB4 /* Release */ = {
			isa = XCBuildConfiguration;
			buildSettings = {
				ALWAYS_SEARCH_USER_PATHS = NO;
				CLANG_CXX_LANGUAGE_STANDARD = "gnu++0x";
				CLANG_CXX_LIBRARY = "libc++";
				CLANG_ENABLE_MODULES = YES;
				CLANG_ENABLE_OBJC_ARC = YES;
				CLANG_WARN_BOOL_CONVERSION = YES;
				CLANG_WARN_CONSTANT_CONVERSION = YES;
				CLANG_WARN_DIRECT_OBJC_ISA_USAGE = YES_ERROR;
				CLANG_WARN_EMPTY_BODY = YES;
				CLANG_WARN_ENUM_CONVERSION = YES;
				CLANG_WARN_INT_CONVERSION = YES;
				CLANG_WARN_OBJC_ROOT_CLASS = YES_ERROR;
				CLANG_WARN_UNREACHABLE_CODE = YES;
				CLANG_WARN__DUPLICATE_METHOD_MATCH = YES;
				"CODE_SIGN_IDENTITY[sdk=iphoneos*]" = "iPhone Developer";
				COPY_PHASE_STRIP = NO;
				DEBUG_INFORMATION_FORMAT = "dwarf-with-dsym";
				ENABLE_NS_ASSERTIONS = NO;
				ENABLE_STRICT_OBJC_MSGSEND = YES;
				GCC_C_LANGUAGE_STANDARD = gnu99;
				GCC_NO_COMMON_BLOCKS = YES;
				GCC_WARN_64_TO_32_BIT_CONVERSION = YES;
				GCC_WARN_ABOUT_RETURN_TYPE = YES_ERROR;
				GCC_WARN_UNDECLARED_SELECTOR = YES;
				GCC_WARN_UNINITIALIZED_AUTOS = YES_AGGRESSIVE;
				GCC_WARN_UNUSED_FUNCTION = YES;
				GCC_WARN_UNUSED_VARIABLE = YES;
				IPHONEOS_DEPLOYMENT_TARGET = 9.1;
				MTL_ENABLE_DEBUG_INFO = NO;
				SDKROOT = iphoneos;
				VALIDATE_PRODUCT = YES;
			};
			name = Release;
		};
		04F3787C1C05FB9100718FB4 /* Debug */ = {
			isa = XCBuildConfiguration;
			baseConfigurationReference = B5AFBEBB9F33DB84BCE1A06A /* Pods.debug.xcconfig */;
			buildSettings = {
				ASSETCATALOG_COMPILER_APPICON_NAME = AppIcon;
				ASSETCATALOG_COMPILER_LAUNCHIMAGE_NAME = LaunchImage;
				INFOPLIST_FILE = weiBoSwift/Info.plist;
				IPHONEOS_DEPLOYMENT_TARGET = 8.0;
				LD_RUNPATH_SEARCH_PATHS = "$(inherited) @executable_path/Frameworks";
				PRODUCT_BUNDLE_IDENTIFIER = xx.weiBoSwift;
				PRODUCT_NAME = "$(TARGET_NAME)";
			};
			name = Debug;
		};
		04F3787D1C05FB9100718FB4 /* Release */ = {
			isa = XCBuildConfiguration;
			baseConfigurationReference = 684B2487C2E5C9D60E3D9C56 /* Pods.release.xcconfig */;
			buildSettings = {
				ASSETCATALOG_COMPILER_APPICON_NAME = AppIcon;
				ASSETCATALOG_COMPILER_LAUNCHIMAGE_NAME = LaunchImage;
				INFOPLIST_FILE = weiBoSwift/Info.plist;
				IPHONEOS_DEPLOYMENT_TARGET = 8.0;
				LD_RUNPATH_SEARCH_PATHS = "$(inherited) @executable_path/Frameworks";
				PRODUCT_BUNDLE_IDENTIFIER = xx.weiBoSwift;
				PRODUCT_NAME = "$(TARGET_NAME)";
			};
			name = Release;
		};
		04F3787F1C05FB9100718FB4 /* Debug */ = {
			isa = XCBuildConfiguration;
			buildSettings = {
				BUNDLE_LOADER = "$(TEST_HOST)";
				INFOPLIST_FILE = weiBoSwiftTests/Info.plist;
				LD_RUNPATH_SEARCH_PATHS = "$(inherited) @executable_path/Frameworks @loader_path/Frameworks";
				PRODUCT_BUNDLE_IDENTIFIER = xx.weiBoSwiftTests;
				PRODUCT_NAME = "$(TARGET_NAME)";
				TEST_HOST = "$(BUILT_PRODUCTS_DIR)/weiBoSwift.app/weiBoSwift";
			};
			name = Debug;
		};
		04F378801C05FB9100718FB4 /* Release */ = {
			isa = XCBuildConfiguration;
			buildSettings = {
				BUNDLE_LOADER = "$(TEST_HOST)";
				INFOPLIST_FILE = weiBoSwiftTests/Info.plist;
				LD_RUNPATH_SEARCH_PATHS = "$(inherited) @executable_path/Frameworks @loader_path/Frameworks";
				PRODUCT_BUNDLE_IDENTIFIER = xx.weiBoSwiftTests;
				PRODUCT_NAME = "$(TARGET_NAME)";
				TEST_HOST = "$(BUILT_PRODUCTS_DIR)/weiBoSwift.app/weiBoSwift";
			};
			name = Release;
		};
		04F378821C05FB9100718FB4 /* Debug */ = {
			isa = XCBuildConfiguration;
			buildSettings = {
				INFOPLIST_FILE = weiBoSwiftUITests/Info.plist;
				LD_RUNPATH_SEARCH_PATHS = "$(inherited) @executable_path/Frameworks @loader_path/Frameworks";
				PRODUCT_BUNDLE_IDENTIFIER = xx.weiBoSwiftUITests;
				PRODUCT_NAME = "$(TARGET_NAME)";
				TEST_TARGET_NAME = weiBoSwift;
				USES_XCTRUNNER = YES;
			};
			name = Debug;
		};
		04F378831C05FB9100718FB4 /* Release */ = {
			isa = XCBuildConfiguration;
			buildSettings = {
				INFOPLIST_FILE = weiBoSwiftUITests/Info.plist;
				LD_RUNPATH_SEARCH_PATHS = "$(inherited) @executable_path/Frameworks @loader_path/Frameworks";
				PRODUCT_BUNDLE_IDENTIFIER = xx.weiBoSwiftUITests;
				PRODUCT_NAME = "$(TARGET_NAME)";
				TEST_TARGET_NAME = weiBoSwift;
				USES_XCTRUNNER = YES;
			};
			name = Release;
		};
/* End XCBuildConfiguration section */

/* Begin XCConfigurationList section */
		04F3784E1C05FB9000718FB4 /* Build configuration list for PBXProject "weiBoSwift" */ = {
			isa = XCConfigurationList;
			buildConfigurations = (
				04F378791C05FB9100718FB4 /* Debug */,
				04F3787A1C05FB9100718FB4 /* Release */,
			);
			defaultConfigurationIsVisible = 0;
			defaultConfigurationName = Release;
		};
		04F3787B1C05FB9100718FB4 /* Build configuration list for PBXNativeTarget "weiBoSwift" */ = {
			isa = XCConfigurationList;
			buildConfigurations = (
				04F3787C1C05FB9100718FB4 /* Debug */,
				04F3787D1C05FB9100718FB4 /* Release */,
			);
			defaultConfigurationIsVisible = 0;
			defaultConfigurationName = Release;
		};
		04F3787E1C05FB9100718FB4 /* Build configuration list for PBXNativeTarget "weiBoSwiftTests" */ = {
			isa = XCConfigurationList;
			buildConfigurations = (
				04F3787F1C05FB9100718FB4 /* Debug */,
				04F378801C05FB9100718FB4 /* Release */,
			);
			defaultConfigurationIsVisible = 0;
			defaultConfigurationName = Release;
		};
		04F378811C05FB9100718FB4 /* Build configuration list for PBXNativeTarget "weiBoSwiftUITests" */ = {
			isa = XCConfigurationList;
			buildConfigurations = (
				04F378821C05FB9100718FB4 /* Debug */,
				04F378831C05FB9100718FB4 /* Release */,
			);
			defaultConfigurationIsVisible = 0;
			defaultConfigurationName = Release;
		};
/* End XCConfigurationList section */
	};
	rootObject = 04F3784B1C05FB9000718FB4 /* Project object */;
}
